
Microsoft Visual Studio Solution File, Format Version 12.00
# Visual Studio Version 17
VisualStudioVersion = 17.6.33712.159
MinimumVisualStudioVersion = 10.0.40219.1
Project("{FAE04EC0-301F-11D3-BF4B-00C04F79EFBC}") = "ParamDbpEditor", "ParamDbpEditor\ParamDbpEditor.csproj", "{B52D0CC1-C70A-40C6-A418-7FA6BC465D4E}"
EndProject
Project("{9A19103F-16F7-4668-BE54-9A1E7A4F7556}") = "SoulsFormats", "..\SoulsFormats\SoulsFormats\SoulsFormats.csproj", "{EFFE8A43-84BD-45B5-85B7-5AFB1618A4CD}"
EndProject
Global
	GlobalSection(SolutionConfigurationPlatforms) = preSolution
		Debug|Any CPU = Debug|Any CPU
		Release|Any CPU = Release|Any CPU
	EndGlobalSection
	GlobalSection(ProjectConfigurationPlatforms) = postSolution
		{B52D0CC1-C70A-40C6-A418-7FA6BC465D4E}.Debug|Any CPU.ActiveCfg = Debug|Any CPU
		{B52D0CC1-C70A-40C6-A418-7FA6BC465D4E}.Debug|Any CPU.Build.0 = Debug|Any CPU
		{B52D0CC1-C70A-40C6-A418-7FA6BC465D4E}.Release|Any CPU.ActiveCfg = Release|Any CPU
		{B52D0CC1-C70A-40C6-A418-7FA6BC465D4E}.Release|Any CPU.Build.0 = Release|Any CPU
		{EFFE8A43-84BD-45B5-85B7-5AFB1618A4CD}.Debug|Any CPU.ActiveCfg = Debug|Any CPU
		{EFFE8A43-84BD-45B5-85B7-5AFB1618A4CD}.Debug|Any CPU.Build.0 = Debug|Any CPU
		{EFFE8A43-84BD-45B5-85B7-5AFB1618A4CD}.Release|Any CPU.ActiveCfg = Release|Any CPU
		{EFFE8A43-84BD-45B5-85B7-5AFB1618A4CD}.Release|Any CPU.Build.0 = Release|Any CPU
	EndGlobalSection
	GlobalSection(SolutionProperties) = preSolution
		HideSolutionNode = FALSE
	EndGlobalSection
	GlobalSection(ExtensibilityGlobals) = postSolution
		SolutionGuid = {D98158FE-6DCA-4324-A492-9A656A3AA201}
	EndGlobalSection
EndGlobal
